// !$*UTF8*$!
{
	archiveVersion = 1;
	classes = {
	};
	objectVersion = 55;
	objects = {

/* Begin PBXBuildFile section */
		53C28901284B7D820038E61F /* GoogleService-Info.plist in Resources */ = {isa = PBXBuildFile; fileRef = 53C28900284B7D820038E61F /* GoogleService-Info.plist */; };
		53C28904284B7EDC0038E61F /* FirebaseAnalytics in Frameworks */ = {isa = PBXBuildFile; productRef = 53C28903284B7EDC0038E61F /* FirebaseAnalytics */; };
		53C28906284B7EDC0038E61F /* FirebaseAuth in Frameworks */ = {isa = PBXBuildFile; productRef = 53C28905284B7EDC0038E61F /* FirebaseAuth */; };
		53C28908284B7EDC0038E61F /* FirebaseFirestore in Frameworks */ = {isa = PBXBuildFile; productRef = 53C28907284B7EDC0038E61F /* FirebaseFirestore */; };
		53C2890A284B7EDC0038E61F /* FirebaseStorage in Frameworks */ = {isa = PBXBuildFile; productRef = 53C28909284B7EDC0038E61F /* FirebaseStorage */; };
		53C2890D284BC6F50038E61F /* GoogleSignIn in Frameworks */ = {isa = PBXBuildFile; productRef = 53C2890C284BC6F50038E61F /* GoogleSignIn */; };
		53C2890F284BC6F50038E61F /* GoogleSignInSwift in Frameworks */ = {isa = PBXBuildFile; productRef = 53C2890E284BC6F50038E61F /* GoogleSignInSwift */; };
		53FD3D53284AFCB6009AA4C4 /* freshen_iosApp.swift in Sources */ = {isa = PBXBuildFile; fileRef = 53FD3D52284AFCB6009AA4C4 /* freshen_iosApp.swift */; };
		53FD3D55284AFCB6009AA4C4 /* ContentView.swift in Sources */ = {isa = PBXBuildFile; fileRef = 53FD3D54284AFCB6009AA4C4 /* ContentView.swift */; };
		53FD3D57284AFCB8009AA4C4 /* Assets.xcassets in Resources */ = {isa = PBXBuildFile; fileRef = 53FD3D56284AFCB8009AA4C4 /* Assets.xcassets */; };
		53FD3D5A284AFCB8009AA4C4 /* Preview Assets.xcassets in Resources */ = {isa = PBXBuildFile; fileRef = 53FD3D59284AFCB8009AA4C4 /* Preview Assets.xcassets */; };
		53FD3D64284AFCB9009AA4C4 /* freshen_iosTests.swift in Sources */ = {isa = PBXBuildFile; fileRef = 53FD3D63284AFCB9009AA4C4 /* freshen_iosTests.swift */; };
		53FD3D6E284AFCB9009AA4C4 /* freshen_iosUITests.swift in Sources */ = {isa = PBXBuildFile; fileRef = 53FD3D6D284AFCB9009AA4C4 /* freshen_iosUITests.swift */; };
		53FD3D70284AFCB9009AA4C4 /* freshen_iosUITestsLaunchTests.swift in Sources */ = {isa = PBXBuildFile; fileRef = 53FD3D6F284AFCB9009AA4C4 /* freshen_iosUITestsLaunchTests.swift */; };
/* End PBXBuildFile section */

/* Begin PBXContainerItemProxy section */
		53FD3D60284AFCB9009AA4C4 /* PBXContainerItemProxy */ = {
			isa = PBXContainerItemProxy;
			containerPortal = 53FD3D47284AFCB6009AA4C4 /* Project object */;
			proxyType = 1;
			remoteGlobalIDString = 53FD3D4E284AFCB6009AA4C4;
			remoteInfo = "freshen-ios";
		};
		53FD3D6A284AFCB9009AA4C4 /* PBXContainerItemProxy */ = {
			isa = PBXContainerItemProxy;
			containerPortal = 53FD3D47284AFCB6009AA4C4 /* Project object */;
			proxyType = 1;
			remoteGlobalIDString = 53FD3D4E284AFCB6009AA4C4;
			remoteInfo = "freshen-ios";
		};
/* End PBXContainerItemProxy section */

/* Begin PBXFileReference section */
		53C28900284B7D820038E61F /* GoogleService-Info.plist */ = {isa = PBXFileReference; fileEncoding = 4; lastKnownFileType = text.plist.xml; path = "GoogleService-Info.plist"; sourceTree = "<group>"; };
		53FD3D4F284AFCB6009AA4C4 /* freshen-ios.app */ = {isa = PBXFileReference; explicitFileType = wrapper.application; includeInIndex = 0; path = "freshen-ios.app"; sourceTree = BUILT_PRODUCTS_DIR; };
		53FD3D52284AFCB6009AA4C4 /* freshen_iosApp.swift */ = {isa = PBXFileReference; lastKnownFileType = sourcecode.swift; path = freshen_iosApp.swift; sourceTree = "<group>"; };
		53FD3D54284AFCB6009AA4C4 /* ContentView.swift */ = {isa = PBXFileReference; lastKnownFileType = sourcecode.swift; path = ContentView.swift; sourceTree = "<group>"; };
		53FD3D56284AFCB8009AA4C4 /* Assets.xcassets */ = {isa = PBXFileReference; lastKnownFileType = folder.assetcatalog; path = Assets.xcassets; sourceTree = "<group>"; };
		53FD3D59284AFCB8009AA4C4 /* Preview Assets.xcassets */ = {isa = PBXFileReference; lastKnownFileType = folder.assetcatalog; path = "Preview Assets.xcassets"; sourceTree = "<group>"; };
		53FD3D5F284AFCB9009AA4C4 /* freshen-iosTests.xctest */ = {isa = PBXFileReference; explicitFileType = wrapper.cfbundle; includeInIndex = 0; path = "freshen-iosTests.xctest"; sourceTree = BUILT_PRODUCTS_DIR; };
		53FD3D63284AFCB9009AA4C4 /* freshen_iosTests.swift */ = {isa = PBXFileReference; lastKnownFileType = sourcecode.swift; path = freshen_iosTests.swift; sourceTree = "<group>"; };
		53FD3D69284AFCB9009AA4C4 /* freshen-iosUITests.xctest */ = {isa = PBXFileReference; explicitFileType = wrapper.cfbundle; includeInIndex = 0; path = "freshen-iosUITests.xctest"; sourceTree = BUILT_PRODUCTS_DIR; };
		53FD3D6D284AFCB9009AA4C4 /* freshen_iosUITests.swift */ = {isa = PBXFileReference; lastKnownFileType = sourcecode.swift; path = freshen_iosUITests.swift; sourceTree = "<group>"; };
		53FD3D6F284AFCB9009AA4C4 /* freshen_iosUITestsLaunchTests.swift */ = {isa = PBXFileReference; lastKnownFileType = sourcecode.swift; path = freshen_iosUITestsLaunchTests.swift; sourceTree = "<group>"; };
/* End PBXFileReference section */

/* Begin PBXFrameworksBuildPhase section */
		53FD3D4C284AFCB6009AA4C4 /* Frameworks */ = {
			isa = PBXFrameworksBuildPhase;
			buildActionMask = 2147483647;
			files = (
				53C2890D284BC6F50038E61F /* GoogleSignIn in Frameworks */,
				53C28904284B7EDC0038E61F /* FirebaseAnalytics in Frameworks */,
				53C2890A284B7EDC0038E61F /* FirebaseStorage in Frameworks */,
				53C2890F284BC6F50038E61F /* GoogleSignInSwift in Frameworks */,
				53C28906284B7EDC0038E61F /* FirebaseAuth in Frameworks */,
				53C28908284B7EDC0038E61F /* FirebaseFirestore in Frameworks */,
			);
			runOnlyForDeploymentPostprocessing = 0;
		};
		53FD3D5C284AFCB9009AA4C4 /* Frameworks */ = {
			isa = PBXFrameworksBuildPhase;
			buildActionMask = 2147483647;
			files = (
			);
			runOnlyForDeploymentPostprocessing = 0;
		};
		53FD3D66284AFCB9009AA4C4 /* Frameworks */ = {
			isa = PBXFrameworksBuildPhase;
			buildActionMask = 2147483647;
			files = (
			);
			runOnlyForDeploymentPostprocessing = 0;
		};
/* End PBXFrameworksBuildPhase section */

/* Begin PBXGroup section */
		53FD3D46284AFCB6009AA4C4 = {
			isa = PBXGroup;
			children = (
				53FD3D51284AFCB6009AA4C4 /* freshen-ios */,
				53FD3D62284AFCB9009AA4C4 /* freshen-iosTests */,
				53FD3D6C284AFCB9009AA4C4 /* freshen-iosUITests */,
				53FD3D50284AFCB6009AA4C4 /* Products */,
			);
			sourceTree = "<group>";
		};
		53FD3D50284AFCB6009AA4C4 /* Products */ = {
			isa = PBXGroup;
			children = (
				53FD3D4F284AFCB6009AA4C4 /* freshen-ios.app */,
				53FD3D5F284AFCB9009AA4C4 /* freshen-iosTests.xctest */,
				53FD3D69284AFCB9009AA4C4 /* freshen-iosUITests.xctest */,
			);
			name = Products;
			sourceTree = "<group>";
		};
		53FD3D51284AFCB6009AA4C4 /* freshen-ios */ = {
			isa = PBXGroup;
			children = (
				53C28900284B7D820038E61F /* GoogleService-Info.plist */,
				53FD3D52284AFCB6009AA4C4 /* freshen_iosApp.swift */,
				53FD3D54284AFCB6009AA4C4 /* ContentView.swift */,
				53FD3D56284AFCB8009AA4C4 /* Assets.xcassets */,
				53FD3D58284AFCB8009AA4C4 /* Preview Content */,
			);
			path = "freshen-ios";
			sourceTree = "<group>";
		};
		53FD3D58284AFCB8009AA4C4 /* Preview Content */ = {
			isa = PBXGroup;
			children = (
				53FD3D59284AFCB8009AA4C4 /* Preview Assets.xcassets */,
			);
			path = "Preview Content";
			sourceTree = "<group>";
		};
		53FD3D62284AFCB9009AA4C4 /* freshen-iosTests */ = {
			isa = PBXGroup;
			children = (
				53FD3D63284AFCB9009AA4C4 /* freshen_iosTests.swift */,
			);
			path = "freshen-iosTests";
			sourceTree = "<group>";
		};
		53FD3D6C284AFCB9009AA4C4 /* freshen-iosUITests */ = {
			isa = PBXGroup;
			children = (
				53FD3D6D284AFCB9009AA4C4 /* freshen_iosUITests.swift */,
				53FD3D6F284AFCB9009AA4C4 /* freshen_iosUITestsLaunchTests.swift */,
			);
			path = "freshen-iosUITests";
			sourceTree = "<group>";
		};
/* End PBXGroup section */

/* Begin PBXNativeTarget section */
		53FD3D4E284AFCB6009AA4C4 /* freshen-ios */ = {
			isa = PBXNativeTarget;
			buildConfigurationList = 53FD3D73284AFCB9009AA4C4 /* Build configuration list for PBXNativeTarget "freshen-ios" */;
			buildPhases = (
				53FD3D4B284AFCB6009AA4C4 /* Sources */,
				53FD3D4C284AFCB6009AA4C4 /* Frameworks */,
				53FD3D4D284AFCB6009AA4C4 /* Resources */,
			);
			buildRules = (
			);
			dependencies = (
			);
			name = "freshen-ios";
			packageProductDependencies = (
				53C28903284B7EDC0038E61F /* FirebaseAnalytics */,
				53C28905284B7EDC0038E61F /* FirebaseAuth */,
				53C28907284B7EDC0038E61F /* FirebaseFirestore */,
				53C28909284B7EDC0038E61F /* FirebaseStorage */,
				53C2890C284BC6F50038E61F /* GoogleSignIn */,
				53C2890E284BC6F50038E61F /* GoogleSignInSwift */,
			);
			productName = "freshen-ios";
			productReference = 53FD3D4F284AFCB6009AA4C4 /* freshen-ios.app */;
			productType = "com.apple.product-type.application";
		};
		53FD3D5E284AFCB9009AA4C4 /* freshen-iosTests */ = {
			isa = PBXNativeTarget;
			buildConfigurationList = 53FD3D76284AFCB9009AA4C4 /* Build configuration list for PBXNativeTarget "freshen-iosTests" */;
			buildPhases = (
				53FD3D5B284AFCB9009AA4C4 /* Sources */,
				53FD3D5C284AFCB9009AA4C4 /* Frameworks */,
				53FD3D5D284AFCB9009AA4C4 /* Resources */,
			);
			buildRules = (
			);
			dependencies = (
				53FD3D61284AFCB9009AA4C4 /* PBXTargetDependency */,
			);
			name = "freshen-iosTests";
			productName = "freshen-iosTests";
			productReference = 53FD3D5F284AFCB9009AA4C4 /* freshen-iosTests.xctest */;
			productType = "com.apple.product-type.bundle.unit-test";
		};
		53FD3D68284AFCB9009AA4C4 /* freshen-iosUITests */ = {
			isa = PBXNativeTarget;
			buildConfigurationList = 53FD3D79284AFCB9009AA4C4 /* Build configuration list for PBXNativeTarget "freshen-iosUITests" */;
			buildPhases = (
				53FD3D65284AFCB9009AA4C4 /* Sources */,
				53FD3D66284AFCB9009AA4C4 /* Frameworks */,
				53FD3D67284AFCB9009AA4C4 /* Resources */,
			);
			buildRules = (
			);
			dependencies = (
				53FD3D6B284AFCB9009AA4C4 /* PBXTargetDependency */,
			);
			name = "freshen-iosUITests";
			productName = "freshen-iosUITests";
			productReference = 53FD3D69284AFCB9009AA4C4 /* freshen-iosUITests.xctest */;
			productType = "com.apple.product-type.bundle.ui-testing";
		};
/* End PBXNativeTarget section */

/* Begin PBXProject section */
		53FD3D47284AFCB6009AA4C4 /* Project object */ = {
			isa = PBXProject;
			attributes = {
				BuildIndependentTargetsInParallel = 1;
				LastSwiftUpdateCheck = 1340;
				LastUpgradeCheck = 1340;
				TargetAttributes = {
					53FD3D4E284AFCB6009AA4C4 = {
						CreatedOnToolsVersion = 13.4.1;
					};
					53FD3D5E284AFCB9009AA4C4 = {
						CreatedOnToolsVersion = 13.4.1;
						TestTargetID = 53FD3D4E284AFCB6009AA4C4;
					};
					53FD3D68284AFCB9009AA4C4 = {
						CreatedOnToolsVersion = 13.4.1;
						TestTargetID = 53FD3D4E284AFCB6009AA4C4;
					};
				};
			};
			buildConfigurationList = 53FD3D4A284AFCB6009AA4C4 /* Build configuration list for PBXProject "freshen-ios" */;
			compatibilityVersion = "Xcode 13.0";
			developmentRegion = en;
			hasScannedForEncodings = 0;
			knownRegions = (
				en,
				Base,
			);
			mainGroup = 53FD3D46284AFCB6009AA4C4;
			packageReferences = (
				53C28902284B7EDC0038E61F /* XCRemoteSwiftPackageReference "firebase-ios-sdk" */,
				53C2890B284BC6F50038E61F /* XCRemoteSwiftPackageReference "GoogleSignIn-iOS" */,
			);
			productRefGroup = 53FD3D50284AFCB6009AA4C4 /* Products */;
			projectDirPath = "";
			projectRoot = "";
			targets = (
				53FD3D4E284AFCB6009AA4C4 /* freshen-ios */,
				53FD3D5E284AFCB9009AA4C4 /* freshen-iosTests */,
				53FD3D68284AFCB9009AA4C4 /* freshen-iosUITests */,
			);
		};
/* End PBXProject section */

/* Begin PBXResourcesBuildPhase section */
		53FD3D4D284AFCB6009AA4C4 /* Resources */ = {
			isa = PBXResourcesBuildPhase;
			buildActionMask = 2147483647;
			files = (
				53FD3D5A284AFCB8009AA4C4 /* Preview Assets.xcassets in Resources */,
				53FD3D57284AFCB8009AA4C4 /* Assets.xcassets in Resources */,
				53C28901284B7D820038E61F /* GoogleService-Info.plist in Resources */,
			);
			runOnlyForDeploymentPostprocessing = 0;
		};
		53FD3D5D284AFCB9009AA4C4 /* Resources */ = {
			isa = PBXResourcesBuildPhase;
			buildActionMask = 2147483647;
			files = (
			);
			runOnlyForDeploymentPostprocessing = 0;
		};
		53FD3D67284AFCB9009AA4C4 /* Resources */ = {
			isa = PBXResourcesBuildPhase;
			buildActionMask = 2147483647;
			files = (
			);
			runOnlyForDeploymentPostprocessing = 0;
		};
/* End PBXResourcesBuildPhase section */

/* Begin PBXSourcesBuildPhase section */
		53FD3D4B284AFCB6009AA4C4 /* Sources */ = {
			isa = PBXSourcesBuildPhase;
			buildActionMask = 2147483647;
			files = (
				53FD3D55284AFCB6009AA4C4 /* ContentView.swift in Sources */,
				53FD3D53284AFCB6009AA4C4 /* freshen_iosApp.swift in Sources */,
			);
			runOnlyForDeploymentPostprocessing = 0;
		};
		53FD3D5B284AFCB9009AA4C4 /* Sources */ = {
			isa = PBXSourcesBuildPhase;
			buildActionMask = 2147483647;
			files = (
				53FD3D64284AFCB9009AA4C4 /* freshen_iosTests.swift in Sources */,
			);
			runOnlyForDeploymentPostprocessing = 0;
		};
		53FD3D65284AFCB9009AA4C4 /* Sources */ = {
			isa = PBXSourcesBuildPhase;
			buildActionMask = 2147483647;
			files = (
				53FD3D70284AFCB9009AA4C4 /* freshen_iosUITestsLaunchTests.swift in Sources */,
				53FD3D6E284AFCB9009AA4C4 /* freshen_iosUITests.swift in Sources */,
			);
			runOnlyForDeploymentPostprocessing = 0;
		};
/* End PBXSourcesBuildPhase section */

/* Begin PBXTargetDependency section */
		53FD3D61284AFCB9009AA4C4 /* PBXTargetDependency */ = {
			isa = PBXTargetDependency;
			target = 53FD3D4E284AFCB6009AA4C4 /* freshen-ios */;
			targetProxy = 53FD3D60284AFCB9009AA4C4 /* PBXContainerItemProxy */;
		};
		53FD3D6B284AFCB9009AA4C4 /* PBXTargetDependency */ = {
			isa = PBXTargetDependency;
			target = 53FD3D4E284AFCB6009AA4C4 /* freshen-ios */;
			targetProxy = 53FD3D6A284AFCB9009AA4C4 /* PBXContainerItemProxy */;
		};
/* End PBXTargetDependency section */

/* Begin XCBuildConfiguration section */
		53FD3D71284AFCB9009AA4C4 /* Debug */ = {
			isa = XCBuildConfiguration;
			buildSettings = {
				ALWAYS_SEARCH_USER_PATHS = NO;
				CLANG_ANALYZER_NONNULL = YES;
				CLANG_ANALYZER_NUMBER_OBJECT_CONVERSION = YES_AGGRESSIVE;
				CLANG_CXX_LANGUAGE_STANDARD = "gnu++17";
				CLANG_ENABLE_MODULES = YES;
				CLANG_ENABLE_OBJC_ARC = YES;
				CLANG_ENABLE_OBJC_WEAK = YES;
				CLANG_WARN_BLOCK_CAPTURE_AUTORELEASING = YES;
				CLANG_WARN_BOOL_CONVERSION = YES;
				CLANG_WARN_COMMA = YES;
				CLANG_WARN_CONSTANT_CONVERSION = YES;
				CLANG_WARN_DEPRECATED_OBJC_IMPLEMENTATIONS = YES;
				CLANG_WARN_DIRECT_OBJC_ISA_USAGE = YES_ERROR;
				CLANG_WARN_DOCUMENTATION_COMMENTS = YES;
				CLANG_WARN_EMPTY_BODY = YES;
				CLANG_WARN_ENUM_CONVERSION = YES;
				CLANG_WARN_INFINITE_RECURSION = YES;
				CLANG_WARN_INT_CONVERSION = YES;
				CLANG_WARN_NON_LITERAL_NULL_CONVERSION = YES;
				CLANG_WARN_OBJC_IMPLICIT_RETAIN_SELF = YES;
				CLANG_WARN_OBJC_LITERAL_CONVERSION = YES;
				CLANG_WARN_OBJC_ROOT_CLASS = YES_ERROR;
				CLANG_WARN_QUOTED_INCLUDE_IN_FRAMEWORK_HEADER = YES;
				CLANG_WARN_RANGE_LOOP_ANALYSIS = YES;
				CLANG_WARN_STRICT_PROTOTYPES = YES;
				CLANG_WARN_SUSPICIOUS_MOVE = YES;
				CLANG_WARN_UNGUARDED_AVAILABILITY = YES_AGGRESSIVE;
				CLANG_WARN_UNREACHABLE_CODE = YES;
				CLANG_WARN__DUPLICATE_METHOD_MATCH = YES;
				COPY_PHASE_STRIP = NO;
				DEBUG_INFORMATION_FORMAT = dwarf;
				ENABLE_STRICT_OBJC_MSGSEND = YES;
				ENABLE_TESTABILITY = YES;
				GCC_C_LANGUAGE_STANDARD = gnu11;
				GCC_DYNAMIC_NO_PIC = NO;
				GCC_NO_COMMON_BLOCKS = YES;
				GCC_OPTIMIZATION_LEVEL = 0;
				GCC_PREPROCESSOR_DEFINITIONS = (
					"DEBUG=1",
					"$(inherited)",
				);
				GCC_WARN_64_TO_32_BIT_CONVERSION = YES;
				GCC_WARN_ABOUT_RETURN_TYPE = YES_ERROR;
				GCC_WARN_UNDECLARED_SELECTOR = YES;
				GCC_WARN_UNINITIALIZED_AUTOS = YES_AGGRESSIVE;
				GCC_WARN_UNUSED_FUNCTION = YES;
				GCC_WARN_UNUSED_VARIABLE = YES;
				IPHONEOS_DEPLOYMENT_TARGET = 15.5;
				MTL_ENABLE_DEBUG_INFO = INCLUDE_SOURCE;
				MTL_FAST_MATH = YES;
				ONLY_ACTIVE_ARCH = YES;
				SDKROOT = iphoneos;
				SWIFT_ACTIVE_COMPILATION_CONDITIONS = DEBUG;
				SWIFT_OPTIMIZATION_LEVEL = "-Onone";
			};
			name = Debug;
		};
		53FD3D72284AFCB9009AA4C4 /* Release */ = {
			isa = XCBuildConfiguration;
			buildSettings = {
				ALWAYS_SEARCH_USER_PATHS = NO;
				CLANG_ANALYZER_NONNULL = YES;
				CLANG_ANALYZER_NUMBER_OBJECT_CONVERSION = YES_AGGRESSIVE;
				CLANG_CXX_LANGUAGE_STANDARD = "gnu++17";
				CLANG_ENABLE_MODULES = YES;
				CLANG_ENABLE_OBJC_ARC = YES;
				CLANG_ENABLE_OBJC_WEAK = YES;
				CLANG_WARN_BLOCK_CAPTURE_AUTORELEASING = YES;
				CLANG_WARN_BOOL_CONVERSION = YES;
				CLANG_WARN_COMMA = YES;
				CLANG_WARN_CONSTANT_CONVERSION = YES;
				CLANG_WARN_DEPRECATED_OBJC_IMPLEMENTATIONS = YES;
				CLANG_WARN_DIRECT_OBJC_ISA_USAGE = YES_ERROR;
				CLANG_WARN_DOCUMENTATION_COMMENTS = YES;
				CLANG_WARN_EMPTY_BODY = YES;
				CLANG_WARN_ENUM_CONVERSION = YES;
				CLANG_WARN_INFINITE_RECURSION = YES;
				CLANG_WARN_INT_CONVERSION = YES;
				CLANG_WARN_NON_LITERAL_NULL_CONVERSION = YES;
				CLANG_WARN_OBJC_IMPLICIT_RETAIN_SELF = YES;
				CLANG_WARN_OBJC_LITERAL_CONVERSION = YES;
				CLANG_WARN_OBJC_ROOT_CLASS = YES_ERROR;
				CLANG_WARN_QUOTED_INCLUDE_IN_FRAMEWORK_HEADER = YES;
				CLANG_WARN_RANGE_LOOP_ANALYSIS = YES;
				CLANG_WARN_STRICT_PROTOTYPES = YES;
				CLANG_WARN_SUSPICIOUS_MOVE = YES;
				CLANG_WARN_UNGUARDED_AVAILABILITY = YES_AGGRESSIVE;
				CLANG_WARN_UNREACHABLE_CODE = YES;
				CLANG_WARN__DUPLICATE_METHOD_MATCH = YES;
				COPY_PHASE_STRIP = NO;
				DEBUG_INFORMATION_FORMAT = "dwarf-with-dsym";
				ENABLE_NS_ASSERTIONS = NO;
				ENABLE_STRICT_OBJC_MSGSEND = YES;
				GCC_C_LANGUAGE_STANDARD = gnu11;
				GCC_NO_COMMON_BLOCKS = YES;
				GCC_WARN_64_TO_32_BIT_CONVERSION = YES;
				GCC_WARN_ABOUT_RETURN_TYPE = YES_ERROR;
				GCC_WARN_UNDECLARED_SELECTOR = YES;
				GCC_WARN_UNINITIALIZED_AUTOS = YES_AGGRESSIVE;
				GCC_WARN_UNUSED_FUNCTION = YES;
				GCC_WARN_UNUSED_VARIABLE = YES;
				IPHONEOS_DEPLOYMENT_TARGET = 15.5;
				MTL_ENABLE_DEBUG_INFO = NO;
				MTL_FAST_MATH = YES;
				SDKROOT = iphoneos;
				SWIFT_COMPILATION_MODE = wholemodule;
				SWIFT_OPTIMIZATION_LEVEL = "-O";
				VALIDATE_PRODUCT = YES;
			};
			name = Release;
		};
		53FD3D74284AFCB9009AA4C4 /* Debug */ = {
			isa = XCBuildConfiguration;
			buildSettings = {
				ASSETCATALOG_COMPILER_APPICON_NAME = AppIcon;
				ASSETCATALOG_COMPILER_GLOBAL_ACCENT_COLOR_NAME = AccentColor;
				CODE_SIGN_STYLE = Automatic;
				CURRENT_PROJECT_VERSION = 1;
				DEVELOPMENT_ASSET_PATHS = "\"freshen-ios/Preview Content\"";
				DEVELOPMENT_TEAM = 9MXUY7WVYM;
				ENABLE_PREVIEWS = YES;
				GENERATE_INFOPLIST_FILE = YES;
				INFOPLIST_KEY_UIApplicationSceneManifest_Generation = YES;
				INFOPLIST_KEY_UIApplicationSupportsIndirectInputEvents = YES;
				INFOPLIST_KEY_UILaunchScreen_Generation = YES;
				INFOPLIST_KEY_UISupportedInterfaceOrientations_iPad = "UIInterfaceOrientationPortrait UIInterfaceOrientationPortraitUpsideDown UIInterfaceOrientationLandscapeLeft UIInterfaceOrientationLandscapeRight";
				INFOPLIST_KEY_UISupportedInterfaceOrientations_iPhone = "UIInterfaceOrientationPortrait UIInterfaceOrientationLandscapeLeft UIInterfaceOrientationLandscapeRight";
				LD_RUNPATH_SEARCH_PATHS = (
					"$(inherited)",
					"@executable_path/Frameworks",
				);
				MARKETING_VERSION = 1.0;
				PRODUCT_BUNDLE_IDENTIFIER = "klayclarke.freshen-ios";
				PRODUCT_NAME = "$(TARGET_NAME)";
				SWIFT_EMIT_LOC_STRINGS = YES;
				SWIFT_VERSION = 5.0;
				TARGETED_DEVICE_FAMILY = "1,2";
			};
			name = Debug;
		};
		53FD3D75284AFCB9009AA4C4 /* Release */ = {
			isa = XCBuildConfiguration;
			buildSettings = {
				ASSETCATALOG_COMPILER_APPICON_NAME = AppIcon;
				ASSETCATALOG_COMPILER_GLOBAL_ACCENT_COLOR_NAME = AccentColor;
				CODE_SIGN_STYLE = Automatic;
				CURRENT_PROJECT_VERSION = 1;
				DEVELOPMENT_ASSET_PATHS = "\"freshen-ios/Preview Content\"";
				DEVELOPMENT_TEAM = 9MXUY7WVYM;
				ENABLE_PREVIEWS = YES;
				GENERATE_INFOPLIST_FILE = YES;
				INFOPLIST_KEY_UIApplicationSceneManifest_Generation = YES;
				INFOPLIST_KEY_UIApplicationSupportsIndirectInputEvents = YES;
				INFOPLIST_KEY_UILaunchScreen_Generation = YES;
				INFOPLIST_KEY_UISupportedInterfaceOrientations_iPad = "UIInterfaceOrientationPortrait UIInterfaceOrientationPortraitUpsideDown UIInterfaceOrientationLandscapeLeft UIInterfaceOrientationLandscapeRight";
				INFOPLIST_KEY_UISupportedInterfaceOrientations_iPhone = "UIInterfaceOrientationPortrait UIInterfaceOrientationLandscapeLeft UIInterfaceOrientationLandscapeRight";
				LD_RUNPATH_SEARCH_PATHS = (
					"$(inherited)",
					"@executable_path/Frameworks",
				);
				MARKETING_VERSION = 1.0;
				PRODUCT_BUNDLE_IDENTIFIER = "klayclarke.freshen-ios";
				PRODUCT_NAME = "$(TARGET_NAME)";
				SWIFT_EMIT_LOC_STRINGS = YES;
				SWIFT_VERSION = 5.0;
				TARGETED_DEVICE_FAMILY = "1,2";
			};
			name = Release;
		};
		53FD3D77284AFCB9009AA4C4 /* Debug */ = {
			isa = XCBuildConfiguration;
			buildSettings = {
				ALWAYS_EMBED_SWIFT_STANDARD_LIBRARIES = YES;
				BUNDLE_LOADER = "$(TEST_HOST)";
				CODE_SIGN_STYLE = Automatic;
				CURRENT_PROJECT_VERSION = 1;
				DEVELOPMENT_TEAM = 9MXUY7WVYM;
				GENERATE_INFOPLIST_FILE = YES;
				IPHONEOS_DEPLOYMENT_TARGET = 15.5;
				MARKETING_VERSION = 1.0;
				PRODUCT_BUNDLE_IDENTIFIER = "klayclarke.freshen-iosTests";
				PRODUCT_NAME = "$(TARGET_NAME)";
				SWIFT_EMIT_LOC_STRINGS = NO;
				SWIFT_VERSION = 5.0;
				TARGETED_DEVICE_FAMILY = "1,2";
				TEST_HOST = "$(BUILT_PRODUCTS_DIR)/freshen-ios.app/freshen-ios";
			};
			name = Debug;
		};
		53FD3D78284AFCB9009AA4C4 /* Release */ = {
			isa = XCBuildConfiguration;
			buildSettings = {
				ALWAYS_EMBED_SWIFT_STANDARD_LIBRARIES = YES;
				BUNDLE_LOADER = "$(TEST_HOST)";
				CODE_SIGN_STYLE = Automatic;
				CURRENT_PROJECT_VERSION = 1;
				DEVELOPMENT_TEAM = 9MXUY7WVYM;
				GENERATE_INFOPLIST_FILE = YES;
				IPHONEOS_DEPLOYMENT_TARGET = 15.5;
				MARKETING_VERSION = 1.0;
				PRODUCT_BUNDLE_IDENTIFIER = "klayclarke.freshen-iosTests";
				PRODUCT_NAME = "$(TARGET_NAME)";
				SWIFT_EMIT_LOC_STRINGS = NO;
				SWIFT_VERSION = 5.0;
				TARGETED_DEVICE_FAMILY = "1,2";
				TEST_HOST = "$(BUILT_PRODUCTS_DIR)/freshen-ios.app/freshen-ios";
			};
			name = Release;
		};
		53FD3D7A284AFCB9009AA4C4 /* Debug */ = {
			isa = XCBuildConfiguration;
			buildSettings = {
				ALWAYS_EMBED_SWIFT_STANDARD_LIBRARIES = YES;
				CODE_SIGN_STYLE = Automatic;
				CURRENT_PROJECT_VERSION = 1;
				DEVELOPMENT_TEAM = 9MXUY7WVYM;
				GENERATE_INFOPLIST_FILE = YES;
				MARKETING_VERSION = 1.0;
				PRODUCT_BUNDLE_IDENTIFIER = "klayclarke.freshen-iosUITests";
				PRODUCT_NAME = "$(TARGET_NAME)";
				SWIFT_EMIT_LOC_STRINGS = NO;
				SWIFT_VERSION = 5.0;
				TARGETED_DEVICE_FAMILY = "1,2";
				TEST_TARGET_NAME = "freshen-ios";
			};
			name = Debug;
		};
		53FD3D7B284AFCB9009AA4C4 /* Release */ = {
			isa = XCBuildConfiguration;
			buildSettings = {
				ALWAYS_EMBED_SWIFT_STANDARD_LIBRARIES = YES;
				CODE_SIGN_STYLE = Automatic;
				CURRENT_PROJECT_VERSION = 1;
				DEVELOPMENT_TEAM = 9MXUY7WVYM;
				GENERATE_INFOPLIST_FILE = YES;
				MARKETING_VERSION = 1.0;
				PRODUCT_BUNDLE_IDENTIFIER = "klayclarke.freshen-iosUITests";
				PRODUCT_NAME = "$(TARGET_NAME)";
				SWIFT_EMIT_LOC_STRINGS = NO;
				SWIFT_VERSION = 5.0;
				TARGETED_DEVICE_FAMILY = "1,2";
				TEST_TARGET_NAME = "freshen-ios";
			};
			name = Release;
		};
/* End XCBuildConfiguration section */

/* Begin XCConfigurationList section */
		53FD3D4A284AFCB6009AA4C4 /* Build configuration list for PBXProject "freshen-ios" */ = {
			isa = XCConfigurationList;
			buildConfigurations = (
				53FD3D71284AFCB9009AA4C4 /* Debug */,
				53FD3D72284AFCB9009AA4C4 /* Release */,
			);
			defaultConfigurationIsVisible = 0;
			defaultConfigurationName = Release;
		};
		53FD3D73284AFCB9009AA4C4 /* Build configuration list for PBXNativeTarget "freshen-ios" */ = {
			isa = XCConfigurationList;
			buildConfigurations = (
				53FD3D74284AFCB9009AA4C4 /* Debug */,
				53FD3D75284AFCB9009AA4C4 /* Release */,
			);
			defaultConfigurationIsVisible = 0;
			defaultConfigurationName = Release;
		};
		53FD3D76284AFCB9009AA4C4 /* Build configuration list for PBXNativeTarget "freshen-iosTests" */ = {
			isa = XCConfigurationList;
			buildConfigurations = (
				53FD3D77284AFCB9009AA4C4 /* Debug */,
				53FD3D78284AFCB9009AA4C4 /* Release */,
			);
			defaultConfigurationIsVisible = 0;
			defaultConfigurationName = Release;
		};
		53FD3D79284AFCB9009AA4C4 /* Build configuration list for PBXNativeTarget "freshen-iosUITests" */ = {
			isa = XCConfigurationList;
			buildConfigurations = (
				53FD3D7A284AFCB9009AA4C4 /* Debug */,
				53FD3D7B284AFCB9009AA4C4 /* Release */,
			);
			defaultConfigurationIsVisible = 0;
			defaultConfigurationName = Release;
		};
/* End XCConfigurationList section */

/* Begin XCRemoteSwiftPackageReference section */
		53C28902284B7EDC0038E61F /* XCRemoteSwiftPackageReference "firebase-ios-sdk" */ = {
			isa = XCRemoteSwiftPackageReference;
			repositoryURL = "https://github.com/firebase/firebase-ios-sdk";
			requirement = {
				branch = master;
				kind = branch;
			};
		};
		53C2890B284BC6F50038E61F /* XCRemoteSwiftPackageReference "GoogleSignIn-iOS" */ = {
			isa = XCRemoteSwiftPackageReference;
			repositoryURL = "https://github.com/google/GoogleSignIn-iOS";
			requirement = {
				branch = main;
				kind = branch;
			};
		};
/* End XCRemoteSwiftPackageReference section */

/* Begin XCSwiftPackageProductDependency section */
		53C28903284B7EDC0038E61F /* FirebaseAnalytics */ = {
			isa = XCSwiftPackageProductDependency;
			package = 53C28902284B7EDC0038E61F /* XCRemoteSwiftPackageReference "firebase-ios-sdk" */;
			productName = FirebaseAnalytics;
		};
		53C28905284B7EDC0038E61F /* FirebaseAuth */ = {
			isa = XCSwiftPackageProductDependency;
			package = 53C28902284B7EDC0038E61F /* XCRemoteSwiftPackageReference "firebase-ios-sdk" */;
			productName = FirebaseAuth;
		};
		53C28907284B7EDC0038E61F /* FirebaseFirestore */ = {
			isa = XCSwiftPackageProductDependency;
			package = 53C28902284B7EDC0038E61F /* XCRemoteSwiftPackageReference "firebase-ios-sdk" */;
			productName = FirebaseFirestore;
		};
		53C28909284B7EDC0038E61F /* FirebaseStorage */ = {
			isa = XCSwiftPackageProductDependency;
			package = 53C28902284B7EDC0038E61F /* XCRemoteSwiftPackageReference "firebase-ios-sdk" */;
			productName = FirebaseStorage;
		};
		53C2890C284BC6F50038E61F /* GoogleSignIn */ = {
			isa = XCSwiftPackageProductDependency;
			package = 53C2890B284BC6F50038E61F /* XCRemoteSwiftPackageReference "GoogleSignIn-iOS" */;
			productName = GoogleSignIn;
		};
		53C2890E284BC6F50038E61F /* GoogleSignInSwift */ = {
			isa = XCSwiftPackageProductDependency;
			package = 53C2890B284BC6F50038E61F /* XCRemoteSwiftPackageReference "GoogleSignIn-iOS" */;
			productName = GoogleSignInSwift;
		};
/* End XCSwiftPackageProductDependency section */
	};
	rootObject = 53FD3D47284AFCB6009AA4C4 /* Project object */;
}
